
Microsoft Visual Studio Solution File, Format Version 12.00
# Visual Studio Version 17
VisualStudioVersion = 17.0.32014.148
MinimumVisualStudioVersion = 10.0.40219.1
Project("{FAE04EC0-301F-11D3-BF4B-00C04F79EFBC}") = "EntityFramework_WPF", "EntityFramework_WPF\EntityFramework_WPF.csproj", "{F48ADCD5-24F9-4A50-9F9E-99879DA21973}"
EndProject
Global
	GlobalSection(SolutionConfigurationPlatforms) = preSolution
		Debug|Any CPU = Debug|Any CPU
		Release|Any CPU = Release|Any CPU
	EndGlobalSection
	GlobalSection(ProjectConfigurationPlatforms) = postSolution
		{F48ADCD5-24F9-4A50-9F9E-99879DA21973}.Debug|Any CPU.ActiveCfg = Debug|Any CPU
		{F48ADCD5-24F9-4A50-9F9E-99879DA21973}.Debug|Any CPU.Build.0 = Debug|Any CPU
		{F48ADCD5-24F9-4A50-9F9E-99879DA21973}.Release|Any CPU.ActiveCfg = Release|Any CPU
		{F48ADCD5-24F9-4A50-9F9E-99879DA21973}.Release|Any CPU.Build.0 = Release|Any CPU
	EndGlobalSection
	GlobalSection(SolutionProperties) = preSolution
		HideSolutionNode = FALSE
	EndGlobalSection
	GlobalSection(ExtensibilityGlobals) = postSolution
		SolutionGuid = {1693A489-FE47-4F8D-972A-AA4D404C5765}
	EndGlobalSection
EndGlobal
